
Microsoft Visual Studio Solution File, Format Version 12.00
# Visual Studio Version 17
VisualStudioVersion = 17.14.36930.0 d17.14
MinimumVisualStudioVersion = 10.0.40219.1
Project("{FAE04EC0-301F-11D3-BF4B-00C04F79EFBC}") = "Lab 6 Double Linked List", "Lab 6 Double Linked List.csproj", "{134A4FF7-E486-46AA-9831-96A53A438E93}"
EndProject
Global
	GlobalSection(SolutionConfigurationPlatforms) = preSolution
		Debug|Any CPU = Debug|Any CPU
		Release|Any CPU = Release|Any CPU
	EndGlobalSection
	GlobalSection(ProjectConfigurationPlatforms) = postSolution
		{134A4FF7-E486-46AA-9831-96A53A438E93}.Debug|Any CPU.ActiveCfg = Debug|Any CPU
		{134A4FF7-E486-46AA-9831-96A53A438E93}.Debug|Any CPU.Build.0 = Debug|Any CPU
		{134A4FF7-E486-46AA-9831-96A53A438E93}.Release|Any CPU.ActiveCfg = Release|Any CPU
		{134A4FF7-E486-46AA-9831-96A53A438E93}.Release|Any CPU.Build.0 = Release|Any CPU
	EndGlobalSection
	GlobalSection(SolutionProperties) = preSolution
		HideSolutionNode = FALSE
	EndGlobalSection
	GlobalSection(ExtensibilityGlobals) = postSolution
		SolutionGuid = {FB98A02C-6ECE-4020-BAA6-A4D3E686BC89}
	EndGlobalSection
EndGlobal
